
Microsoft Visual Studio Solution File, Format Version 12.00
# Visual Studio Version 17
VisualStudioVersion = 17.9.34414.90
MinimumVisualStudioVersion = 10.0.40219.1
Project("{FAE04EC0-301F-11D3-BF4B-00C04F79EFBC}") = "RikendMorty", "RikendMorty.csproj", "{51A82F7C-4C35-4813-B42E-529C21796259}"
EndProject
Global
	GlobalSection(SolutionConfigurationPlatforms) = preSolution
		Debug|Any CPU = Debug|Any CPU
		Release|Any CPU = Release|Any CPU
	EndGlobalSection
	GlobalSection(ProjectConfigurationPlatforms) = postSolution
		{51A82F7C-4C35-4813-B42E-529C21796259}.Debug|Any CPU.ActiveCfg = Debug|Any CPU
		{51A82F7C-4C35-4813-B42E-529C21796259}.Debug|Any CPU.Build.0 = Debug|Any CPU
		{51A82F7C-4C35-4813-B42E-529C21796259}.Release|Any CPU.ActiveCfg = Release|Any CPU
		{51A82F7C-4C35-4813-B42E-529C21796259}.Release|Any CPU.Build.0 = Release|Any CPU
	EndGlobalSection
	GlobalSection(SolutionProperties) = preSolution
		HideSolutionNode = FALSE
	EndGlobalSection
	GlobalSection(ExtensibilityGlobals) = postSolution
		SolutionGuid = {AA26C688-2E3D-474A-9D2D-5C11F9D92CC2}
	EndGlobalSection
EndGlobal
